// !$*UTF8*$!
{
	archiveVersion = 1;
	classes = {
	};
	objectVersion = 46;
	objects = {

/* Begin PBXBuildFile section */
		5F02F73E1958440A00954D69 /* main.swift in Sources */ = {isa = PBXBuildFile; fileRef = 5F02F73D1958440A00954D69 /* main.swift */; };
		5F27AE2919597FB200331F8B /* IntExtensions.swift in Sources */ = {isa = PBXBuildFile; fileRef = 5F27AE2819597FB200331F8B /* IntExtensions.swift */; };
		5F27AE2B1959805A00331F8B /* ArrayExtensions.swift in Sources */ = {isa = PBXBuildFile; fileRef = 5F27AE2A1959805A00331F8B /* ArrayExtensions.swift */; };
		5F6507BF1958E0AA0020585B /* CommonTypes.swift in Sources */ = {isa = PBXBuildFile; fileRef = 5F6507BE1958E0AA0020585B /* CommonTypes.swift */; };
/* End PBXBuildFile section */

/* Begin PBXCopyFilesBuildPhase section */
		5F02F7381958440A00954D69 /* CopyFiles */ = {
			isa = PBXCopyFilesBuildPhase;
			buildActionMask = 2147483647;
			dstPath = /usr/share/man/man1/;
			dstSubfolderSpec = 0;
			files = (
			);
			runOnlyForDeploymentPostprocessing = 1;
		};
/* End PBXCopyFilesBuildPhase section */

/* Begin PBXFileReference section */
		5F02F73A1958440A00954D69 /* TLKit CLI */ = {isa = PBXFileReference; explicitFileType = "compiled.mach-o.executable"; includeInIndex = 0; path = "TLKit CLI"; sourceTree = BUILT_PRODUCTS_DIR; };
		5F02F73D1958440A00954D69 /* main.swift */ = {isa = PBXFileReference; lastKnownFileType = sourcecode.swift; path = main.swift; sourceTree = "<group>"; };
		5F27AE2819597FB200331F8B /* IntExtensions.swift */ = {isa = PBXFileReference; fileEncoding = 4; lastKnownFileType = sourcecode.swift; path = IntExtensions.swift; sourceTree = "<group>"; };
		5F27AE2A1959805A00331F8B /* ArrayExtensions.swift */ = {isa = PBXFileReference; fileEncoding = 4; lastKnownFileType = sourcecode.swift; path = ArrayExtensions.swift; sourceTree = "<group>"; };
		5F6507BE1958E0AA0020585B /* CommonTypes.swift */ = {isa = PBXFileReference; fileEncoding = 4; lastKnownFileType = sourcecode.swift; path = CommonTypes.swift; sourceTree = "<group>"; };
/* End PBXFileReference section */

/* Begin PBXFrameworksBuildPhase section */
		5F02F7371958440A00954D69 /* Frameworks */ = {
			isa = PBXFrameworksBuildPhase;
			buildActionMask = 2147483647;
			files = (
			);
			runOnlyForDeploymentPostprocessing = 0;
		};
/* End PBXFrameworksBuildPhase section */

/* Begin PBXGroup section */
		5F02F7311958440A00954D69 = {
			isa = PBXGroup;
			children = (
				5F02F73C1958440A00954D69 /* TLKit CLI */,
				5F02F73B1958440A00954D69 /* Products */,
			);
			sourceTree = "<group>";
		};
		5F02F73B1958440A00954D69 /* Products */ = {
			isa = PBXGroup;
			children = (
				5F02F73A1958440A00954D69 /* TLKit CLI */,
			);
			name = Products;
			sourceTree = "<group>";
		};
		5F02F73C1958440A00954D69 /* TLKit CLI */ = {
			isa = PBXGroup;
			children = (
				5F27AE2719597F7D00331F8B /* Extensions */,
				5F6507BD1958E07C0020585B /* Types */,
				5F02F73D1958440A00954D69 /* main.swift */,
			);
			path = "TLKit CLI";
			sourceTree = "<group>";
		};
		5F27AE2719597F7D00331F8B /* Extensions */ = {
			isa = PBXGroup;
			children = (
				5F27AE2819597FB200331F8B /* IntExtensions.swift */,
				5F27AE2A1959805A00331F8B /* ArrayExtensions.swift */,
			);
			path = Extensions;
			sourceTree = "<group>";
		};
		5F6507BD1958E07C0020585B /* Types */ = {
			isa = PBXGroup;
			children = (
				5F6507BE1958E0AA0020585B /* CommonTypes.swift */,
			);
			path = Types;
			sourceTree = "<group>";
		};
/* End PBXGroup section */

/* Begin PBXNativeTarget section */
		5F02F7391958440A00954D69 /* TLKit CLI */ = {
			isa = PBXNativeTarget;
			buildConfigurationList = 5F02F7411958440A00954D69 /* Build configuration list for PBXNativeTarget "TLKit CLI" */;
			buildPhases = (
				5F02F7361958440A00954D69 /* Sources */,
				5F02F7371958440A00954D69 /* Frameworks */,
				5F02F7381958440A00954D69 /* CopyFiles */,
			);
			buildRules = (
			);
			dependencies = (
			);
			name = "TLKit CLI";
			productName = "TLKit CLI";
			productReference = 5F02F73A1958440A00954D69 /* TLKit CLI */;
			productType = "com.apple.product-type.tool";
		};
/* End PBXNativeTarget section */

/* Begin PBXProject section */
		5F02F7321958440A00954D69 /* Project object */ = {
			isa = PBXProject;
			attributes = {
				LastUpgradeCheck = 0600;
				ORGANIZATIONNAME = POed;
				TargetAttributes = {
					5F02F7391958440A00954D69 = {
						CreatedOnToolsVersion = 6.0;
					};
				};
			};
			buildConfigurationList = 5F02F7351958440A00954D69 /* Build configuration list for PBXProject "TLKit CLI" */;
			compatibilityVersion = "Xcode 3.2";
			developmentRegion = English;
			hasScannedForEncodings = 0;
			knownRegions = (
				en,
			);
			mainGroup = 5F02F7311958440A00954D69;
			productRefGroup = 5F02F73B1958440A00954D69 /* Products */;
			projectDirPath = "";
			projectRoot = "";
			targets = (
				5F02F7391958440A00954D69 /* TLKit CLI */,
			);
		};
/* End PBXProject section */

/* Begin PBXSourcesBuildPhase section */
		5F02F7361958440A00954D69 /* Sources */ = {
			isa = PBXSourcesBuildPhase;
			buildActionMask = 2147483647;
			files = (
				5F27AE2919597FB200331F8B /* IntExtensions.swift in Sources */,
				5F02F73E1958440A00954D69 /* main.swift in Sources */,
				5F6507BF1958E0AA0020585B /* CommonTypes.swift in Sources */,
				5F27AE2B1959805A00331F8B /* ArrayExtensions.swift in Sources */,
			);
			runOnlyForDeploymentPostprocessing = 0;
		};
/* End PBXSourcesBuildPhase section */

/* Begin XCBuildConfiguration section */
		5F02F73F1958440A00954D69 /* Debug */ = {
			isa = XCBuildConfiguration;
			buildSettings = {
				ALWAYS_SEARCH_USER_PATHS = NO;
				CLANG_CXX_LANGUAGE_STANDARD = "gnu++0x";
				CLANG_CXX_LIBRARY = "libc++";
				CLANG_ENABLE_MODULES = YES;
				CLANG_ENABLE_OBJC_ARC = YES;
				CLANG_WARN_BOOL_CONVERSION = YES;
				CLANG_WARN_CONSTANT_CONVERSION = YES;
				CLANG_WARN_DIRECT_OBJC_ISA_USAGE = YES_ERROR;
				CLANG_WARN_EMPTY_BODY = YES;
				CLANG_WARN_ENUM_CONVERSION = YES;
				CLANG_WARN_INT_CONVERSION = YES;
				CLANG_WARN_OBJC_ROOT_CLASS = YES_ERROR;
				CLANG_WARN_UNREACHABLE_CODE = YES;
				CLANG_WARN__DUPLICATE_METHOD_MATCH = YES;
				COPY_PHASE_STRIP = NO;
				ENABLE_STRICT_OBJC_MSGSEND = YES;
				GCC_C_LANGUAGE_STANDARD = gnu99;
				GCC_DYNAMIC_NO_PIC = NO;
				GCC_OPTIMIZATION_LEVEL = 0;
				GCC_PREPROCESSOR_DEFINITIONS = (
					"DEBUG=1",
					"$(inherited)",
				);
				GCC_SYMBOLS_PRIVATE_EXTERN = NO;
				GCC_WARN_64_TO_32_BIT_CONVERSION = YES;
				GCC_WARN_ABOUT_RETURN_TYPE = YES_ERROR;
				GCC_WARN_UNDECLARED_SELECTOR = YES;
				GCC_WARN_UNINITIALIZED_AUTOS = YES_AGGRESSIVE;
				GCC_WARN_UNUSED_FUNCTION = YES;
				GCC_WARN_UNUSED_VARIABLE = YES;
				MACOSX_DEPLOYMENT_TARGET = 10.10;
				METAL_ENABLE_DEBUG_INFO = YES;
				ONLY_ACTIVE_ARCH = YES;
				SDKROOT = macosx;
				SWIFT_OPTIMIZATION_LEVEL = "-Onone";
			};
			name = Debug;
		};
		5F02F7401958440A00954D69 /* Release */ = {
			isa = XCBuildConfiguration;
			buildSettings = {
				ALWAYS_SEARCH_USER_PATHS = NO;
				CLANG_CXX_LANGUAGE_STANDARD = "gnu++0x";
				CLANG_CXX_LIBRARY = "libc++";
				CLANG_ENABLE_MODULES = YES;
				CLANG_ENABLE_OBJC_ARC = YES;
				CLANG_WARN_BOOL_CONVERSION = YES;
				CLANG_WARN_CONSTANT_CONVERSION = YES;
				CLANG_WARN_DIRECT_OBJC_ISA_USAGE = YES_ERROR;
				CLANG_WARN_EMPTY_BODY = YES;
				CLANG_WARN_ENUM_CONVERSION = YES;
				CLANG_WARN_INT_CONVERSION = YES;
				CLANG_WARN_OBJC_ROOT_CLASS = YES_ERROR;
				CLANG_WARN_UNREACHABLE_CODE = YES;
				CLANG_WARN__DUPLICATE_METHOD_MATCH = YES;
				COPY_PHASE_STRIP = YES;
				DEBUG_INFORMATION_FORMAT = "dwarf-with-dsym";
				ENABLE_NS_ASSERTIONS = NO;
				ENABLE_STRICT_OBJC_MSGSEND = YES;
				GCC_C_LANGUAGE_STANDARD = gnu99;
				GCC_WARN_64_TO_32_BIT_CONVERSION = YES;
				GCC_WARN_ABOUT_RETURN_TYPE = YES_ERROR;
				GCC_WARN_UNDECLARED_SELECTOR = YES;
				GCC_WARN_UNINITIALIZED_AUTOS = YES_AGGRESSIVE;
				GCC_WARN_UNUSED_FUNCTION = YES;
				GCC_WARN_UNUSED_VARIABLE = YES;
				MACOSX_DEPLOYMENT_TARGET = 10.10;
				METAL_ENABLE_DEBUG_INFO = NO;
				SDKROOT = macosx;
			};
			name = Release;
		};
		5F02F7421958440A00954D69 /* Debug */ = {
			isa = XCBuildConfiguration;
			buildSettings = {
				PRODUCT_NAME = "$(TARGET_NAME)";
			};
			name = Debug;
		};
		5F02F7431958440A00954D69 /* Release */ = {
			isa = XCBuildConfiguration;
			buildSettings = {
				PRODUCT_NAME = "$(TARGET_NAME)";
			};
			name = Release;
		};
/* End XCBuildConfiguration section */

/* Begin XCConfigurationList section */
		5F02F7351958440A00954D69 /* Build configuration list for PBXProject "TLKit CLI" */ = {
			isa = XCConfigurationList;
			buildConfigurations = (
				5F02F73F1958440A00954D69 /* Debug */,
				5F02F7401958440A00954D69 /* Release */,
			);
			defaultConfigurationIsVisible = 0;
			defaultConfigurationName = Release;
		};
		5F02F7411958440A00954D69 /* Build configuration list for PBXNativeTarget "TLKit CLI" */ = {
			isa = XCConfigurationList;
			buildConfigurations = (
				5F02F7421958440A00954D69 /* Debug */,
				5F02F7431958440A00954D69 /* Release */,
			);
			defaultConfigurationIsVisible = 0;
			defaultConfigurationName = Release;
		};
/* End XCConfigurationList section */
	};
	rootObject = 5F02F7321958440A00954D69 /* Project object */;
}
